
Microsoft Visual Studio Solution File, Format Version 12.00
# Visual Studio Version 16
VisualStudioVersion = 16.0.33529.622
MinimumVisualStudioVersion = 10.0.40219.1
Project("{FAE04EC0-301F-11D3-BF4B-00C04F79EFBC}") = "testingApp", "testingApp\testingApp.csproj", "{94FF784E-BEFB-4522-83B0-0C28EA1CEA4B}"
EndProject
Global
	GlobalSection(SolutionConfigurationPlatforms) = preSolution
		Debug|Any CPU = Debug|Any CPU
		Release|Any CPU = Release|Any CPU
	EndGlobalSection
	GlobalSection(ProjectConfigurationPlatforms) = postSolution
		{94FF784E-BEFB-4522-83B0-0C28EA1CEA4B}.Debug|Any CPU.ActiveCfg = Debug|Any CPU
		{94FF784E-BEFB-4522-83B0-0C28EA1CEA4B}.Debug|Any CPU.Build.0 = Debug|Any CPU
		{94FF784E-BEFB-4522-83B0-0C28EA1CEA4B}.Release|Any CPU.ActiveCfg = Release|Any CPU
		{94FF784E-BEFB-4522-83B0-0C28EA1CEA4B}.Release|Any CPU.Build.0 = Release|Any CPU
	EndGlobalSection
	GlobalSection(SolutionProperties) = preSolution
		HideSolutionNode = FALSE
	EndGlobalSection
	GlobalSection(ExtensibilityGlobals) = postSolution
		SolutionGuid = {71DF9114-DBA9-4616-9D2E-9392F13F18EA}
	EndGlobalSection
EndGlobal
